# This file is automatically @generated by Cargo.
# It is not intended for manual editing.
version = 4

[[package]]
name = "hyf_core"
version = "0.1.0"

[[package]]
name = "hyf_crypto"
version = "0.1.0"
dependencies = [
 "hyf_core",
]

[[package]]
name = "hyf_link"
version = "0.1.0"
dependencies = [
 "hyf_core",
]

[[package]]
name = "hyf_rns_conformance"
version = "0.1.0"
dependencies = [
 "hyf_rns_core",
 "hyf_rns_crypto",
 "hyf_rns_wire",
]

[[package]]
name = "hyf_rns_core"
version = "0.1.0"

[[package]]
name = "hyf_rns_crypto"
version = "0.1.0"
dependencies = [
 "hyf_rns_core",
]

[[package]]
name = "hyf_rns_wire"
version = "0.1.0"
dependencies = [
 "hyf_rns_core",
 "hyf_rns_crypto",
]

[[package]]
name = "hyf_wire"
version = "0.1.0"
dependencies = [
 "hyf_core",
 "hyf_crypto",
]
